
Microsoft Visual Studio Solution File, Format Version 12.00
# Visual Studio Version 16
VisualStudioVersion = 16.0.30907.101
MinimumVisualStudioVersion = 10.0.40219.1
Project("{FAE04EC0-301F-11D3-BF4B-00C04F79EFBC}") = "MySuperBank", "MySuperBank.csproj", "{318AD169-CD20-4F92-86E5-A00A7889672D}"
EndProject
Global
	GlobalSection(SolutionConfigurationPlatforms) = preSolution
		Debug|Any CPU = Debug|Any CPU
		Release|Any CPU = Release|Any CPU
	EndGlobalSection
	GlobalSection(ProjectConfigurationPlatforms) = postSolution
		{318AD169-CD20-4F92-86E5-A00A7889672D}.Debug|Any CPU.ActiveCfg = Debug|Any CPU
		{318AD169-CD20-4F92-86E5-A00A7889672D}.Debug|Any CPU.Build.0 = Debug|Any CPU
		{318AD169-CD20-4F92-86E5-A00A7889672D}.Release|Any CPU.ActiveCfg = Release|Any CPU
		{318AD169-CD20-4F92-86E5-A00A7889672D}.Release|Any CPU.Build.0 = Release|Any CPU
	EndGlobalSection
	GlobalSection(SolutionProperties) = preSolution
		HideSolutionNode = FALSE
	EndGlobalSection
	GlobalSection(ExtensibilityGlobals) = postSolution
		SolutionGuid = {CB8BD454-B7C8-448E-A1BD-7D0643A270A6}
	EndGlobalSection
EndGlobal
